// !$*UTF8*$!
{
	archiveVersion = 1;
	classes = {
	};
	objectVersion = 56;
	objects = {

/* Begin PBXBuildFile section */
		40654F7C2AE3DB1A0060DFF0 /* Home.swift in Sources */ = {isa = PBXBuildFile; fileRef = 40654F7B2AE3DB1A0060DFF0 /* Home.swift */; };
		40654F7E2AE3DCE70060DFF0 /* CreateTweetView.swift in Sources */ = {isa = PBXBuildFile; fileRef = 40654F7D2AE3DCE70060DFF0 /* CreateTweetView.swift */; };
		40654F802AE3DF370060DFF0 /* MultilineTextField.swift in Sources */ = {isa = PBXBuildFile; fileRef = 40654F7F2AE3DF370060DFF0 /* MultilineTextField.swift */; };
		40654F822AE3F22E0060DFF0 /* TweetCellView.swift in Sources */ = {isa = PBXBuildFile; fileRef = 40654F812AE3F22E0060DFF0 /* TweetCellView.swift */; };
		40654F842AE3F42C0060DFF0 /* SearchBar.swift in Sources */ = {isa = PBXBuildFile; fileRef = 40654F832AE3F42C0060DFF0 /* SearchBar.swift */; };
		408123312AE2E3AF0005AC2D /* Twitter_CloneApp.swift in Sources */ = {isa = PBXBuildFile; fileRef = 408123302AE2E3AF0005AC2D /* Twitter_CloneApp.swift */; };
		408123352AE2E3B00005AC2D /* Assets.xcassets in Resources */ = {isa = PBXBuildFile; fileRef = 408123342AE2E3B00005AC2D /* Assets.xcassets */; };
		408123392AE2E3B00005AC2D /* Preview Assets.xcassets in Resources */ = {isa = PBXBuildFile; fileRef = 408123382AE2E3B00005AC2D /* Preview Assets.xcassets */; };
		408123432AE2E3B10005AC2D /* Twitter_CloneTests.swift in Sources */ = {isa = PBXBuildFile; fileRef = 408123422AE2E3B10005AC2D /* Twitter_CloneTests.swift */; };
		4081234D2AE2E3B10005AC2D /* Twitter_CloneUITests.swift in Sources */ = {isa = PBXBuildFile; fileRef = 4081234C2AE2E3B10005AC2D /* Twitter_CloneUITests.swift */; };
		4081234F2AE2E3B10005AC2D /* Twitter_CloneUITestsLaunchTests.swift in Sources */ = {isa = PBXBuildFile; fileRef = 4081234E2AE2E3B10005AC2D /* Twitter_CloneUITestsLaunchTests.swift */; };
		408123652AE2E68D0005AC2D /* Feed.swift in Sources */ = {isa = PBXBuildFile; fileRef = 408123642AE2E68D0005AC2D /* Feed.swift */; };
		408123672AE2E6A30005AC2D /* MessagesView.swift in Sources */ = {isa = PBXBuildFile; fileRef = 408123662AE2E6A30005AC2D /* MessagesView.swift */; };
		408123692AE2E6B80005AC2D /* NotificationsView.swift in Sources */ = {isa = PBXBuildFile; fileRef = 408123682AE2E6B80005AC2D /* NotificationsView.swift */; };
		4081236B2AE2E6C60005AC2D /* SearchView.swift in Sources */ = {isa = PBXBuildFile; fileRef = 4081236A2AE2E6C60005AC2D /* SearchView.swift */; };
/* End PBXBuildFile section */

/* Begin PBXContainerItemProxy section */
		4081233F2AE2E3B10005AC2D /* PBXContainerItemProxy */ = {
			isa = PBXContainerItemProxy;
			containerPortal = 408123252AE2E3AE0005AC2D /* Project object */;
			proxyType = 1;
			remoteGlobalIDString = 4081232C2AE2E3AF0005AC2D;
			remoteInfo = "Twitter-Clone";
		};
		408123492AE2E3B10005AC2D /* PBXContainerItemProxy */ = {
			isa = PBXContainerItemProxy;
			containerPortal = 408123252AE2E3AE0005AC2D /* Project object */;
			proxyType = 1;
			remoteGlobalIDString = 4081232C2AE2E3AF0005AC2D;
			remoteInfo = "Twitter-Clone";
		};
/* End PBXContainerItemProxy section */

/* Begin PBXFileReference section */
		40654F7B2AE3DB1A0060DFF0 /* Home.swift */ = {isa = PBXFileReference; lastKnownFileType = sourcecode.swift; path = Home.swift; sourceTree = "<group>"; };
		40654F7D2AE3DCE70060DFF0 /* CreateTweetView.swift */ = {isa = PBXFileReference; lastKnownFileType = sourcecode.swift; path = CreateTweetView.swift; sourceTree = "<group>"; };
		40654F7F2AE3DF370060DFF0 /* MultilineTextField.swift */ = {isa = PBXFileReference; lastKnownFileType = sourcecode.swift; path = MultilineTextField.swift; sourceTree = "<group>"; };
		40654F812AE3F22E0060DFF0 /* TweetCellView.swift */ = {isa = PBXFileReference; lastKnownFileType = sourcecode.swift; path = TweetCellView.swift; sourceTree = "<group>"; };
		40654F832AE3F42C0060DFF0 /* SearchBar.swift */ = {isa = PBXFileReference; lastKnownFileType = sourcecode.swift; path = SearchBar.swift; sourceTree = "<group>"; };
		4081232D2AE2E3AF0005AC2D /* Twitter-Clone.app */ = {isa = PBXFileReference; explicitFileType = wrapper.application; includeInIndex = 0; path = "Twitter-Clone.app"; sourceTree = BUILT_PRODUCTS_DIR; };
		408123302AE2E3AF0005AC2D /* Twitter_CloneApp.swift */ = {isa = PBXFileReference; lastKnownFileType = sourcecode.swift; path = Twitter_CloneApp.swift; sourceTree = "<group>"; };
		408123342AE2E3B00005AC2D /* Assets.xcassets */ = {isa = PBXFileReference; lastKnownFileType = folder.assetcatalog; path = Assets.xcassets; sourceTree = "<group>"; };
		408123362AE2E3B00005AC2D /* Twitter_Clone.entitlements */ = {isa = PBXFileReference; lastKnownFileType = text.plist.entitlements; path = Twitter_Clone.entitlements; sourceTree = "<group>"; };
		408123382AE2E3B00005AC2D /* Preview Assets.xcassets */ = {isa = PBXFileReference; lastKnownFileType = folder.assetcatalog; path = "Preview Assets.xcassets"; sourceTree = "<group>"; };
		4081233E2AE2E3B10005AC2D /* Twitter-CloneTests.xctest */ = {isa = PBXFileReference; explicitFileType = wrapper.cfbundle; includeInIndex = 0; path = "Twitter-CloneTests.xctest"; sourceTree = BUILT_PRODUCTS_DIR; };
		408123422AE2E3B10005AC2D /* Twitter_CloneTests.swift */ = {isa = PBXFileReference; lastKnownFileType = sourcecode.swift; path = Twitter_CloneTests.swift; sourceTree = "<group>"; };
		408123482AE2E3B10005AC2D /* Twitter-CloneUITests.xctest */ = {isa = PBXFileReference; explicitFileType = wrapper.cfbundle; includeInIndex = 0; path = "Twitter-CloneUITests.xctest"; sourceTree = BUILT_PRODUCTS_DIR; };
		4081234C2AE2E3B10005AC2D /* Twitter_CloneUITests.swift */ = {isa = PBXFileReference; lastKnownFileType = sourcecode.swift; path = Twitter_CloneUITests.swift; sourceTree = "<group>"; };
		4081234E2AE2E3B10005AC2D /* Twitter_CloneUITestsLaunchTests.swift */ = {isa = PBXFileReference; lastKnownFileType = sourcecode.swift; path = Twitter_CloneUITestsLaunchTests.swift; sourceTree = "<group>"; };
		408123642AE2E68D0005AC2D /* Feed.swift */ = {isa = PBXFileReference; lastKnownFileType = sourcecode.swift; path = Feed.swift; sourceTree = "<group>"; };
		408123662AE2E6A30005AC2D /* MessagesView.swift */ = {isa = PBXFileReference; lastKnownFileType = sourcecode.swift; path = MessagesView.swift; sourceTree = "<group>"; };
		408123682AE2E6B80005AC2D /* NotificationsView.swift */ = {isa = PBXFileReference; lastKnownFileType = sourcecode.swift; path = NotificationsView.swift; sourceTree = "<group>"; };
		4081236A2AE2E6C60005AC2D /* SearchView.swift */ = {isa = PBXFileReference; lastKnownFileType = sourcecode.swift; path = SearchView.swift; sourceTree = "<group>"; };
/* End PBXFileReference section */

/* Begin PBXFrameworksBuildPhase section */
		4081232A2AE2E3AF0005AC2D /* Frameworks */ = {
			isa = PBXFrameworksBuildPhase;
			buildActionMask = 2147483647;
			files = (
			);
			runOnlyForDeploymentPostprocessing = 0;
		};
		4081233B2AE2E3B10005AC2D /* Frameworks */ = {
			isa = PBXFrameworksBuildPhase;
			buildActionMask = 2147483647;
			files = (
			);
			runOnlyForDeploymentPostprocessing = 0;
		};
		408123452AE2E3B10005AC2D /* Frameworks */ = {
			isa = PBXFrameworksBuildPhase;
			buildActionMask = 2147483647;
			files = (
			);
			runOnlyForDeploymentPostprocessing = 0;
		};
/* End PBXFrameworksBuildPhase section */

/* Begin PBXGroup section */
		408123242AE2E3AE0005AC2D = {
			isa = PBXGroup;
			children = (
				4081232F2AE2E3AF0005AC2D /* Twitter-Clone */,
				408123412AE2E3B10005AC2D /* Twitter-CloneTests */,
				4081234B2AE2E3B10005AC2D /* Twitter-CloneUITests */,
				4081232E2AE2E3AF0005AC2D /* Products */,
			);
			sourceTree = "<group>";
		};
		4081232E2AE2E3AF0005AC2D /* Products */ = {
			isa = PBXGroup;
			children = (
				4081232D2AE2E3AF0005AC2D /* Twitter-Clone.app */,
				4081233E2AE2E3B10005AC2D /* Twitter-CloneTests.xctest */,
				408123482AE2E3B10005AC2D /* Twitter-CloneUITests.xctest */,
			);
			name = Products;
			sourceTree = "<group>";
		};
		4081232F2AE2E3AF0005AC2D /* Twitter-Clone */ = {
			isa = PBXGroup;
			children = (
				408123632AE2E67A0005AC2D /* Profile */,
				408123622AE2E6720005AC2D /* Post */,
				408123612AE2E66B0005AC2D /* Items */,
				408123602AE2E6470005AC2D /* Authentication */,
				4081235F2AE2E63F0005AC2D /* Messages */,
				4081235E2AE2E6360005AC2D /* Notifications */,
				4081235D2AE2E62F0005AC2D /* Search */,
				4081235C2AE2E6220005AC2D /* Feed */,
				4081235B2AE2E61A0005AC2D /* Main */,
				408123302AE2E3AF0005AC2D /* Twitter_CloneApp.swift */,
				408123342AE2E3B00005AC2D /* Assets.xcassets */,
				408123362AE2E3B00005AC2D /* Twitter_Clone.entitlements */,
				408123372AE2E3B00005AC2D /* Preview Content */,
			);
			path = "Twitter-Clone";
			sourceTree = "<group>";
		};
		408123372AE2E3B00005AC2D /* Preview Content */ = {
			isa = PBXGroup;
			children = (
				408123382AE2E3B00005AC2D /* Preview Assets.xcassets */,
			);
			path = "Preview Content";
			sourceTree = "<group>";
		};
		408123412AE2E3B10005AC2D /* Twitter-CloneTests */ = {
			isa = PBXGroup;
			children = (
				408123422AE2E3B10005AC2D /* Twitter_CloneTests.swift */,
			);
			path = "Twitter-CloneTests";
			sourceTree = "<group>";
		};
		4081234B2AE2E3B10005AC2D /* Twitter-CloneUITests */ = {
			isa = PBXGroup;
			children = (
				4081234C2AE2E3B10005AC2D /* Twitter_CloneUITests.swift */,
				4081234E2AE2E3B10005AC2D /* Twitter_CloneUITestsLaunchTests.swift */,
			);
			path = "Twitter-CloneUITests";
			sourceTree = "<group>";
		};
		4081235B2AE2E61A0005AC2D /* Main */ = {
			isa = PBXGroup;
			children = (
				40654F7B2AE3DB1A0060DFF0 /* Home.swift */,
			);
			path = Main;
			sourceTree = "<group>";
		};
		4081235C2AE2E6220005AC2D /* Feed */ = {
			isa = PBXGroup;
			children = (
				408123642AE2E68D0005AC2D /* Feed.swift */,
				40654F812AE3F22E0060DFF0 /* TweetCellView.swift */,
			);
			path = Feed;
			sourceTree = "<group>";
		};
		4081235D2AE2E62F0005AC2D /* Search */ = {
			isa = PBXGroup;
			children = (
				4081236A2AE2E6C60005AC2D /* SearchView.swift */,
			);
			path = Search;
			sourceTree = "<group>";
		};
		4081235E2AE2E6360005AC2D /* Notifications */ = {
			isa = PBXGroup;
			children = (
				408123682AE2E6B80005AC2D /* NotificationsView.swift */,
			);
			path = Notifications;
			sourceTree = "<group>";
		};
		4081235F2AE2E63F0005AC2D /* Messages */ = {
			isa = PBXGroup;
			children = (
				408123662AE2E6A30005AC2D /* MessagesView.swift */,
			);
			path = Messages;
			sourceTree = "<group>";
		};
		408123602AE2E6470005AC2D /* Authentication */ = {
			isa = PBXGroup;
			children = (
			);
			path = Authentication;
			sourceTree = "<group>";
		};
		408123612AE2E66B0005AC2D /* Items */ = {
			isa = PBXGroup;
			children = (
				40654F7F2AE3DF370060DFF0 /* MultilineTextField.swift */,
				40654F832AE3F42C0060DFF0 /* SearchBar.swift */,
			);
			path = Items;
			sourceTree = "<group>";
		};
		408123622AE2E6720005AC2D /* Post */ = {
			isa = PBXGroup;
			children = (
				40654F7D2AE3DCE70060DFF0 /* CreateTweetView.swift */,
			);
			path = Post;
			sourceTree = "<group>";
		};
		408123632AE2E67A0005AC2D /* Profile */ = {
			isa = PBXGroup;
			children = (
			);
			path = Profile;
			sourceTree = "<group>";
		};
/* End PBXGroup section */

/* Begin PBXNativeTarget section */
		4081232C2AE2E3AF0005AC2D /* Twitter-Clone */ = {
			isa = PBXNativeTarget;
			buildConfigurationList = 408123522AE2E3B10005AC2D /* Build configuration list for PBXNativeTarget "Twitter-Clone" */;
			buildPhases = (
				408123292AE2E3AF0005AC2D /* Sources */,
				4081232A2AE2E3AF0005AC2D /* Frameworks */,
				4081232B2AE2E3AF0005AC2D /* Resources */,
			);
			buildRules = (
			);
			dependencies = (
			);
			name = "Twitter-Clone";
			productName = "Twitter-Clone";
			productReference = 4081232D2AE2E3AF0005AC2D /* Twitter-Clone.app */;
			productType = "com.apple.product-type.application";
		};
		4081233D2AE2E3B10005AC2D /* Twitter-CloneTests */ = {
			isa = PBXNativeTarget;
			buildConfigurationList = 408123552AE2E3B10005AC2D /* Build configuration list for PBXNativeTarget "Twitter-CloneTests" */;
			buildPhases = (
				4081233A2AE2E3B10005AC2D /* Sources */,
				4081233B2AE2E3B10005AC2D /* Frameworks */,
				4081233C2AE2E3B10005AC2D /* Resources */,
			);
			buildRules = (
			);
			dependencies = (
				408123402AE2E3B10005AC2D /* PBXTargetDependency */,
			);
			name = "Twitter-CloneTests";
			productName = "Twitter-CloneTests";
			productReference = 4081233E2AE2E3B10005AC2D /* Twitter-CloneTests.xctest */;
			productType = "com.apple.product-type.bundle.unit-test";
		};
		408123472AE2E3B10005AC2D /* Twitter-CloneUITests */ = {
			isa = PBXNativeTarget;
			buildConfigurationList = 408123582AE2E3B10005AC2D /* Build configuration list for PBXNativeTarget "Twitter-CloneUITests" */;
			buildPhases = (
				408123442AE2E3B10005AC2D /* Sources */,
				408123452AE2E3B10005AC2D /* Frameworks */,
				408123462AE2E3B10005AC2D /* Resources */,
			);
			buildRules = (
			);
			dependencies = (
				4081234A2AE2E3B10005AC2D /* PBXTargetDependency */,
			);
			name = "Twitter-CloneUITests";
			productName = "Twitter-CloneUITests";
			productReference = 408123482AE2E3B10005AC2D /* Twitter-CloneUITests.xctest */;
			productType = "com.apple.product-type.bundle.ui-testing";
		};
/* End PBXNativeTarget section */

/* Begin PBXProject section */
		408123252AE2E3AE0005AC2D /* Project object */ = {
			isa = PBXProject;
			attributes = {
				BuildIndependentTargetsInParallel = 1;
				LastSwiftUpdateCheck = 1420;
				LastUpgradeCheck = 1420;
				TargetAttributes = {
					4081232C2AE2E3AF0005AC2D = {
						CreatedOnToolsVersion = 14.2;
					};
					4081233D2AE2E3B10005AC2D = {
						CreatedOnToolsVersion = 14.2;
						TestTargetID = 4081232C2AE2E3AF0005AC2D;
					};
					408123472AE2E3B10005AC2D = {
						CreatedOnToolsVersion = 14.2;
						TestTargetID = 4081232C2AE2E3AF0005AC2D;
					};
				};
			};
			buildConfigurationList = 408123282AE2E3AE0005AC2D /* Build configuration list for PBXProject "Twitter-Clone" */;
			compatibilityVersion = "Xcode 14.0";
			developmentRegion = en;
			hasScannedForEncodings = 0;
			knownRegions = (
				en,
				Base,
			);
			mainGroup = 408123242AE2E3AE0005AC2D;
			productRefGroup = 4081232E2AE2E3AF0005AC2D /* Products */;
			projectDirPath = "";
			projectRoot = "";
			targets = (
				4081232C2AE2E3AF0005AC2D /* Twitter-Clone */,
				4081233D2AE2E3B10005AC2D /* Twitter-CloneTests */,
				408123472AE2E3B10005AC2D /* Twitter-CloneUITests */,
			);
		};
/* End PBXProject section */

/* Begin PBXResourcesBuildPhase section */
		4081232B2AE2E3AF0005AC2D /* Resources */ = {
			isa = PBXResourcesBuildPhase;
			buildActionMask = 2147483647;
			files = (
				408123392AE2E3B00005AC2D /* Preview Assets.xcassets in Resources */,
				408123352AE2E3B00005AC2D /* Assets.xcassets in Resources */,
			);
			runOnlyForDeploymentPostprocessing = 0;
		};
		4081233C2AE2E3B10005AC2D /* Resources */ = {
			isa = PBXResourcesBuildPhase;
			buildActionMask = 2147483647;
			files = (
			);
			runOnlyForDeploymentPostprocessing = 0;
		};
		408123462AE2E3B10005AC2D /* Resources */ = {
			isa = PBXResourcesBuildPhase;
			buildActionMask = 2147483647;
			files = (
			);
			runOnlyForDeploymentPostprocessing = 0;
		};
/* End PBXResourcesBuildPhase section */

/* Begin PBXSourcesBuildPhase section */
		408123292AE2E3AF0005AC2D /* Sources */ = {
			isa = PBXSourcesBuildPhase;
			buildActionMask = 2147483647;
			files = (
				40654F7E2AE3DCE70060DFF0 /* CreateTweetView.swift in Sources */,
				408123672AE2E6A30005AC2D /* MessagesView.swift in Sources */,
				408123692AE2E6B80005AC2D /* NotificationsView.swift in Sources */,
				40654F822AE3F22E0060DFF0 /* TweetCellView.swift in Sources */,
				408123652AE2E68D0005AC2D /* Feed.swift in Sources */,
				4081236B2AE2E6C60005AC2D /* SearchView.swift in Sources */,
				408123312AE2E3AF0005AC2D /* Twitter_CloneApp.swift in Sources */,
				40654F842AE3F42C0060DFF0 /* SearchBar.swift in Sources */,
				40654F7C2AE3DB1A0060DFF0 /* Home.swift in Sources */,
				40654F802AE3DF370060DFF0 /* MultilineTextField.swift in Sources */,
			);
			runOnlyForDeploymentPostprocessing = 0;
		};
		4081233A2AE2E3B10005AC2D /* Sources */ = {
			isa = PBXSourcesBuildPhase;
			buildActionMask = 2147483647;
			files = (
				408123432AE2E3B10005AC2D /* Twitter_CloneTests.swift in Sources */,
			);
			runOnlyForDeploymentPostprocessing = 0;
		};
		408123442AE2E3B10005AC2D /* Sources */ = {
			isa = PBXSourcesBuildPhase;
			buildActionMask = 2147483647;
			files = (
				4081234F2AE2E3B10005AC2D /* Twitter_CloneUITestsLaunchTests.swift in Sources */,
				4081234D2AE2E3B10005AC2D /* Twitter_CloneUITests.swift in Sources */,
			);
			runOnlyForDeploymentPostprocessing = 0;
		};
/* End PBXSourcesBuildPhase section */

/* Begin PBXTargetDependency section */
		408123402AE2E3B10005AC2D /* PBXTargetDependency */ = {
			isa = PBXTargetDependency;
			target = 4081232C2AE2E3AF0005AC2D /* Twitter-Clone */;
			targetProxy = 4081233F2AE2E3B10005AC2D /* PBXContainerItemProxy */;
		};
		4081234A2AE2E3B10005AC2D /* PBXTargetDependency */ = {
			isa = PBXTargetDependency;
			target = 4081232C2AE2E3AF0005AC2D /* Twitter-Clone */;
			targetProxy = 408123492AE2E3B10005AC2D /* PBXContainerItemProxy */;
		};
/* End PBXTargetDependency section */

/* Begin XCBuildConfiguration section */
		408123502AE2E3B10005AC2D /* Debug */ = {
			isa = XCBuildConfiguration;
			buildSettings = {
				ALWAYS_SEARCH_USER_PATHS = NO;
				CLANG_ANALYZER_NONNULL = YES;
				CLANG_ANALYZER_NUMBER_OBJECT_CONVERSION = YES_AGGRESSIVE;
				CLANG_CXX_LANGUAGE_STANDARD = "gnu++20";
				CLANG_ENABLE_MODULES = YES;
				CLANG_ENABLE_OBJC_ARC = YES;
				CLANG_ENABLE_OBJC_WEAK = YES;
				CLANG_WARN_BLOCK_CAPTURE_AUTORELEASING = YES;
				CLANG_WARN_BOOL_CONVERSION = YES;
				CLANG_WARN_COMMA = YES;
				CLANG_WARN_CONSTANT_CONVERSION = YES;
				CLANG_WARN_DEPRECATED_OBJC_IMPLEMENTATIONS = YES;
				CLANG_WARN_DIRECT_OBJC_ISA_USAGE = YES_ERROR;
				CLANG_WARN_DOCUMENTATION_COMMENTS = YES;
				CLANG_WARN_EMPTY_BODY = YES;
				CLANG_WARN_ENUM_CONVERSION = YES;
				CLANG_WARN_INFINITE_RECURSION = YES;
				CLANG_WARN_INT_CONVERSION = YES;
				CLANG_WARN_NON_LITERAL_NULL_CONVERSION = YES;
				CLANG_WARN_OBJC_IMPLICIT_RETAIN_SELF = YES;
				CLANG_WARN_OBJC_LITERAL_CONVERSION = YES;
				CLANG_WARN_OBJC_ROOT_CLASS = YES_ERROR;
				CLANG_WARN_QUOTED_INCLUDE_IN_FRAMEWORK_HEADER = YES;
				CLANG_WARN_RANGE_LOOP_ANALYSIS = YES;
				CLANG_WARN_STRICT_PROTOTYPES = YES;
				CLANG_WARN_SUSPICIOUS_MOVE = YES;
				CLANG_WARN_UNGUARDED_AVAILABILITY = YES_AGGRESSIVE;
				CLANG_WARN_UNREACHABLE_CODE = YES;
				CLANG_WARN__DUPLICATE_METHOD_MATCH = YES;
				COPY_PHASE_STRIP = NO;
				DEBUG_INFORMATION_FORMAT = dwarf;
				ENABLE_STRICT_OBJC_MSGSEND = YES;
				ENABLE_TESTABILITY = YES;
				GCC_C_LANGUAGE_STANDARD = gnu11;
				GCC_DYNAMIC_NO_PIC = NO;
				GCC_NO_COMMON_BLOCKS = YES;
				GCC_OPTIMIZATION_LEVEL = 0;
				GCC_PREPROCESSOR_DEFINITIONS = (
					"DEBUG=1",
					"$(inherited)",
				);
				GCC_WARN_64_TO_32_BIT_CONVERSION = YES;
				GCC_WARN_ABOUT_RETURN_TYPE = YES_ERROR;
				GCC_WARN_UNDECLARED_SELECTOR = YES;
				GCC_WARN_UNINITIALIZED_AUTOS = YES_AGGRESSIVE;
				GCC_WARN_UNUSED_FUNCTION = YES;
				GCC_WARN_UNUSED_VARIABLE = YES;
				MTL_ENABLE_DEBUG_INFO = INCLUDE_SOURCE;
				MTL_FAST_MATH = YES;
				ONLY_ACTIVE_ARCH = YES;
				SWIFT_ACTIVE_COMPILATION_CONDITIONS = DEBUG;
				SWIFT_OPTIMIZATION_LEVEL = "-Onone";
			};
			name = Debug;
		};
		408123512AE2E3B10005AC2D /* Release */ = {
			isa = XCBuildConfiguration;
			buildSettings = {
				ALWAYS_SEARCH_USER_PATHS = NO;
				CLANG_ANALYZER_NONNULL = YES;
				CLANG_ANALYZER_NUMBER_OBJECT_CONVERSION = YES_AGGRESSIVE;
				CLANG_CXX_LANGUAGE_STANDARD = "gnu++20";
				CLANG_ENABLE_MODULES = YES;
				CLANG_ENABLE_OBJC_ARC = YES;
				CLANG_ENABLE_OBJC_WEAK = YES;
				CLANG_WARN_BLOCK_CAPTURE_AUTORELEASING = YES;
				CLANG_WARN_BOOL_CONVERSION = YES;
				CLANG_WARN_COMMA = YES;
				CLANG_WARN_CONSTANT_CONVERSION = YES;
				CLANG_WARN_DEPRECATED_OBJC_IMPLEMENTATIONS = YES;
				CLANG_WARN_DIRECT_OBJC_ISA_USAGE = YES_ERROR;
				CLANG_WARN_DOCUMENTATION_COMMENTS = YES;
				CLANG_WARN_EMPTY_BODY = YES;
				CLANG_WARN_ENUM_CONVERSION = YES;
				CLANG_WARN_INFINITE_RECURSION = YES;
				CLANG_WARN_INT_CONVERSION = YES;
				CLANG_WARN_NON_LITERAL_NULL_CONVERSION = YES;
				CLANG_WARN_OBJC_IMPLICIT_RETAIN_SELF = YES;
				CLANG_WARN_OBJC_LITERAL_CONVERSION = YES;
				CLANG_WARN_OBJC_ROOT_CLASS = YES_ERROR;
				CLANG_WARN_QUOTED_INCLUDE_IN_FRAMEWORK_HEADER = YES;
				CLANG_WARN_RANGE_LOOP_ANALYSIS = YES;
				CLANG_WARN_STRICT_PROTOTYPES = YES;
				CLANG_WARN_SUSPICIOUS_MOVE = YES;
				CLANG_WARN_UNGUARDED_AVAILABILITY = YES_AGGRESSIVE;
				CLANG_WARN_UNREACHABLE_CODE = YES;
				CLANG_WARN__DUPLICATE_METHOD_MATCH = YES;
				COPY_PHASE_STRIP = NO;
				DEBUG_INFORMATION_FORMAT = "dwarf-with-dsym";
				ENABLE_NS_ASSERTIONS = NO;
				ENABLE_STRICT_OBJC_MSGSEND = YES;
				GCC_C_LANGUAGE_STANDARD = gnu11;
				GCC_NO_COMMON_BLOCKS = YES;
				GCC_WARN_64_TO_32_BIT_CONVERSION = YES;
				GCC_WARN_ABOUT_RETURN_TYPE = YES_ERROR;
				GCC_WARN_UNDECLARED_SELECTOR = YES;
				GCC_WARN_UNINITIALIZED_AUTOS = YES_AGGRESSIVE;
				GCC_WARN_UNUSED_FUNCTION = YES;
				GCC_WARN_UNUSED_VARIABLE = YES;
				MTL_ENABLE_DEBUG_INFO = NO;
				MTL_FAST_MATH = YES;
				SWIFT_COMPILATION_MODE = wholemodule;
				SWIFT_OPTIMIZATION_LEVEL = "-O";
			};
			name = Release;
		};
		408123532AE2E3B10005AC2D /* Debug */ = {
			isa = XCBuildConfiguration;
			buildSettings = {
				ASSETCATALOG_COMPILER_APPICON_NAME = AppIcon;
				ASSETCATALOG_COMPILER_GLOBAL_ACCENT_COLOR_NAME = AccentColor;
				CODE_SIGN_ENTITLEMENTS = "Twitter-Clone/Twitter_Clone.entitlements";
				CODE_SIGN_STYLE = Automatic;
				CURRENT_PROJECT_VERSION = 1;
				DEVELOPMENT_ASSET_PATHS = "\"Twitter-Clone/Preview Content\"";
				DEVELOPMENT_TEAM = 2Q23RPN8W9;
				ENABLE_HARDENED_RUNTIME = YES;
				ENABLE_PREVIEWS = YES;
				GENERATE_INFOPLIST_FILE = YES;
				"INFOPLIST_KEY_UIApplicationSceneManifest_Generation[sdk=iphoneos*]" = YES;
				"INFOPLIST_KEY_UIApplicationSceneManifest_Generation[sdk=iphonesimulator*]" = YES;
				"INFOPLIST_KEY_UIApplicationSupportsIndirectInputEvents[sdk=iphoneos*]" = YES;
				"INFOPLIST_KEY_UIApplicationSupportsIndirectInputEvents[sdk=iphonesimulator*]" = YES;
				"INFOPLIST_KEY_UILaunchScreen_Generation[sdk=iphoneos*]" = YES;
				"INFOPLIST_KEY_UILaunchScreen_Generation[sdk=iphonesimulator*]" = YES;
				"INFOPLIST_KEY_UIStatusBarStyle[sdk=iphoneos*]" = UIStatusBarStyleDefault;
				"INFOPLIST_KEY_UIStatusBarStyle[sdk=iphonesimulator*]" = UIStatusBarStyleDefault;
				INFOPLIST_KEY_UISupportedInterfaceOrientations_iPad = "UIInterfaceOrientationPortrait UIInterfaceOrientationPortraitUpsideDown UIInterfaceOrientationLandscapeLeft UIInterfaceOrientationLandscapeRight";
				INFOPLIST_KEY_UISupportedInterfaceOrientations_iPhone = "UIInterfaceOrientationPortrait UIInterfaceOrientationLandscapeLeft UIInterfaceOrientationLandscapeRight";
				IPHONEOS_DEPLOYMENT_TARGET = 16.2;
				LD_RUNPATH_SEARCH_PATHS = "@executable_path/Frameworks";
				"LD_RUNPATH_SEARCH_PATHS[sdk=macosx*]" = "@executable_path/../Frameworks";
				MACOSX_DEPLOYMENT_TARGET = 12.7;
				MARKETING_VERSION = 1.0;
				PRODUCT_BUNDLE_IDENTIFIER = "twitterclone.Twitter-Clone";
				PRODUCT_NAME = "$(TARGET_NAME)";
				SDKROOT = auto;
				SUPPORTED_PLATFORMS = "iphoneos iphonesimulator macosx";
				SWIFT_EMIT_LOC_STRINGS = YES;
				SWIFT_VERSION = 5.0;
				TARGETED_DEVICE_FAMILY = "1,2";
			};
			name = Debug;
		};
		408123542AE2E3B10005AC2D /* Release */ = {
			isa = XCBuildConfiguration;
			buildSettings = {
				ASSETCATALOG_COMPILER_APPICON_NAME = AppIcon;
				ASSETCATALOG_COMPILER_GLOBAL_ACCENT_COLOR_NAME = AccentColor;
				CODE_SIGN_ENTITLEMENTS = "Twitter-Clone/Twitter_Clone.entitlements";
				CODE_SIGN_STYLE = Automatic;
				CURRENT_PROJECT_VERSION = 1;
				DEVELOPMENT_ASSET_PATHS = "\"Twitter-Clone/Preview Content\"";
				DEVELOPMENT_TEAM = 2Q23RPN8W9;
				ENABLE_HARDENED_RUNTIME = YES;
				ENABLE_PREVIEWS = YES;
				GENERATE_INFOPLIST_FILE = YES;
				"INFOPLIST_KEY_UIApplicationSceneManifest_Generation[sdk=iphoneos*]" = YES;
				"INFOPLIST_KEY_UIApplicationSceneManifest_Generation[sdk=iphonesimulator*]" = YES;
				"INFOPLIST_KEY_UIApplicationSupportsIndirectInputEvents[sdk=iphoneos*]" = YES;
				"INFOPLIST_KEY_UIApplicationSupportsIndirectInputEvents[sdk=iphonesimulator*]" = YES;
				"INFOPLIST_KEY_UILaunchScreen_Generation[sdk=iphoneos*]" = YES;
				"INFOPLIST_KEY_UILaunchScreen_Generation[sdk=iphonesimulator*]" = YES;
				"INFOPLIST_KEY_UIStatusBarStyle[sdk=iphoneos*]" = UIStatusBarStyleDefault;
				"INFOPLIST_KEY_UIStatusBarStyle[sdk=iphonesimulator*]" = UIStatusBarStyleDefault;
				INFOPLIST_KEY_UISupportedInterfaceOrientations_iPad = "UIInterfaceOrientationPortrait UIInterfaceOrientationPortraitUpsideDown UIInterfaceOrientationLandscapeLeft UIInterfaceOrientationLandscapeRight";
				INFOPLIST_KEY_UISupportedInterfaceOrientations_iPhone = "UIInterfaceOrientationPortrait UIInterfaceOrientationLandscapeLeft UIInterfaceOrientationLandscapeRight";
				IPHONEOS_DEPLOYMENT_TARGET = 16.2;
				LD_RUNPATH_SEARCH_PATHS = "@executable_path/Frameworks";
				"LD_RUNPATH_SEARCH_PATHS[sdk=macosx*]" = "@executable_path/../Frameworks";
				MACOSX_DEPLOYMENT_TARGET = 12.7;
				MARKETING_VERSION = 1.0;
				PRODUCT_BUNDLE_IDENTIFIER = "twitterclone.Twitter-Clone";
				PRODUCT_NAME = "$(TARGET_NAME)";
				SDKROOT = auto;
				SUPPORTED_PLATFORMS = "iphoneos iphonesimulator macosx";
				SWIFT_EMIT_LOC_STRINGS = YES;
				SWIFT_VERSION = 5.0;
				TARGETED_DEVICE_FAMILY = "1,2";
			};
			name = Release;
		};
		408123562AE2E3B10005AC2D /* Debug */ = {
			isa = XCBuildConfiguration;
			buildSettings = {
				ALWAYS_EMBED_SWIFT_STANDARD_LIBRARIES = YES;
				BUNDLE_LOADER = "$(TEST_HOST)";
				CODE_SIGN_STYLE = Automatic;
				CURRENT_PROJECT_VERSION = 1;
				DEVELOPMENT_TEAM = 2Q23RPN8W9;
				GENERATE_INFOPLIST_FILE = YES;
				IPHONEOS_DEPLOYMENT_TARGET = 16.2;
				MACOSX_DEPLOYMENT_TARGET = 12.7;
				MARKETING_VERSION = 1.0;
				PRODUCT_BUNDLE_IDENTIFIER = "twitterclone.Twitter-CloneTests";
				PRODUCT_NAME = "$(TARGET_NAME)";
				SDKROOT = auto;
				SUPPORTED_PLATFORMS = "iphoneos iphonesimulator macosx";
				SWIFT_EMIT_LOC_STRINGS = NO;
				SWIFT_VERSION = 5.0;
				TARGETED_DEVICE_FAMILY = "1,2";
				TEST_HOST = "$(BUILT_PRODUCTS_DIR)/Twitter-Clone.app/$(BUNDLE_EXECUTABLE_FOLDER_PATH)/Twitter-Clone";
			};
			name = Debug;
		};
		408123572AE2E3B10005AC2D /* Release */ = {
			isa = XCBuildConfiguration;
			buildSettings = {
				ALWAYS_EMBED_SWIFT_STANDARD_LIBRARIES = YES;
				BUNDLE_LOADER = "$(TEST_HOST)";
				CODE_SIGN_STYLE = Automatic;
				CURRENT_PROJECT_VERSION = 1;
				DEVELOPMENT_TEAM = 2Q23RPN8W9;
				GENERATE_INFOPLIST_FILE = YES;
				IPHONEOS_DEPLOYMENT_TARGET = 16.2;
				MACOSX_DEPLOYMENT_TARGET = 12.7;
				MARKETING_VERSION = 1.0;
				PRODUCT_BUNDLE_IDENTIFIER = "twitterclone.Twitter-CloneTests";
				PRODUCT_NAME = "$(TARGET_NAME)";
				SDKROOT = auto;
				SUPPORTED_PLATFORMS = "iphoneos iphonesimulator macosx";
				SWIFT_EMIT_LOC_STRINGS = NO;
				SWIFT_VERSION = 5.0;
				TARGETED_DEVICE_FAMILY = "1,2";
				TEST_HOST = "$(BUILT_PRODUCTS_DIR)/Twitter-Clone.app/$(BUNDLE_EXECUTABLE_FOLDER_PATH)/Twitter-Clone";
			};
			name = Release;
		};
		408123592AE2E3B10005AC2D /* Debug */ = {
			isa = XCBuildConfiguration;
			buildSettings = {
				ALWAYS_EMBED_SWIFT_STANDARD_LIBRARIES = YES;
				CODE_SIGN_STYLE = Automatic;
				CURRENT_PROJECT_VERSION = 1;
				DEVELOPMENT_TEAM = 2Q23RPN8W9;
				GENERATE_INFOPLIST_FILE = YES;
				IPHONEOS_DEPLOYMENT_TARGET = 16.2;
				MACOSX_DEPLOYMENT_TARGET = 12.7;
				MARKETING_VERSION = 1.0;
				PRODUCT_BUNDLE_IDENTIFIER = "twitterclone.Twitter-CloneUITests";
				PRODUCT_NAME = "$(TARGET_NAME)";
				SDKROOT = auto;
				SUPPORTED_PLATFORMS = "iphoneos iphonesimulator macosx";
				SWIFT_EMIT_LOC_STRINGS = NO;
				SWIFT_VERSION = 5.0;
				TARGETED_DEVICE_FAMILY = "1,2";
				TEST_TARGET_NAME = "Twitter-Clone";
			};
			name = Debug;
		};
		4081235A2AE2E3B10005AC2D /* Release */ = {
			isa = XCBuildConfiguration;
			buildSettings = {
				ALWAYS_EMBED_SWIFT_STANDARD_LIBRARIES = YES;
				CODE_SIGN_STYLE = Automatic;
				CURRENT_PROJECT_VERSION = 1;
				DEVELOPMENT_TEAM = 2Q23RPN8W9;
				GENERATE_INFOPLIST_FILE = YES;
				IPHONEOS_DEPLOYMENT_TARGET = 16.2;
				MACOSX_DEPLOYMENT_TARGET = 12.7;
				MARKETING_VERSION = 1.0;
				PRODUCT_BUNDLE_IDENTIFIER = "twitterclone.Twitter-CloneUITests";
				PRODUCT_NAME = "$(TARGET_NAME)";
				SDKROOT = auto;
				SUPPORTED_PLATFORMS = "iphoneos iphonesimulator macosx";
				SWIFT_EMIT_LOC_STRINGS = NO;
				SWIFT_VERSION = 5.0;
				TARGETED_DEVICE_FAMILY = "1,2";
				TEST_TARGET_NAME = "Twitter-Clone";
			};
			name = Release;
		};
/* End XCBuildConfiguration section */

/* Begin XCConfigurationList section */
		408123282AE2E3AE0005AC2D /* Build configuration list for PBXProject "Twitter-Clone" */ = {
			isa = XCConfigurationList;
			buildConfigurations = (
				408123502AE2E3B10005AC2D /* Debug */,
				408123512AE2E3B10005AC2D /* Release */,
			);
			defaultConfigurationIsVisible = 0;
			defaultConfigurationName = Release;
		};
		408123522AE2E3B10005AC2D /* Build configuration list for PBXNativeTarget "Twitter-Clone" */ = {
			isa = XCConfigurationList;
			buildConfigurations = (
				408123532AE2E3B10005AC2D /* Debug */,
				408123542AE2E3B10005AC2D /* Release */,
			);
			defaultConfigurationIsVisible = 0;
			defaultConfigurationName = Release;
		};
		408123552AE2E3B10005AC2D /* Build configuration list for PBXNativeTarget "Twitter-CloneTests" */ = {
			isa = XCConfigurationList;
			buildConfigurations = (
				408123562AE2E3B10005AC2D /* Debug */,
				408123572AE2E3B10005AC2D /* Release */,
			);
			defaultConfigurationIsVisible = 0;
			defaultConfigurationName = Release;
		};
		408123582AE2E3B10005AC2D /* Build configuration list for PBXNativeTarget "Twitter-CloneUITests" */ = {
			isa = XCConfigurationList;
			buildConfigurations = (
				408123592AE2E3B10005AC2D /* Debug */,
				4081235A2AE2E3B10005AC2D /* Release */,
			);
			defaultConfigurationIsVisible = 0;
			defaultConfigurationName = Release;
		};
/* End XCConfigurationList section */
	};
	rootObject = 408123252AE2E3AE0005AC2D /* Project object */;
}
